
Microsoft Visual Studio Solution File, Format Version 12.00
Project("{FAE04EC0-301F-11D3-BF4B-00C04F79EFBC}") = "EfCore", "EfCore\EfCore.csproj", "{361A1E63-8415-40F0-AFF8-0C4442BC7E8D}"
EndProject
Project("{FAE04EC0-301F-11D3-BF4B-00C04F79EFBC}") = "EfCore.AppData", "EfCore.AppData\EfCore.AppData.csproj", "{FA0107F9-38A7-4247-A254-25E043329430}"
EndProject
Project("{FAE04EC0-301F-11D3-BF4B-00C04F79EFBC}") = "EfCoreAppDomain", "EfCoreAppDomain\EfCoreAppDomain.csproj", "{B611A4E5-628B-4FA4-96E8-838850B6FC2F}"
EndProject
Global
	GlobalSection(SolutionConfigurationPlatforms) = preSolution
		Debug|Any CPU = Debug|Any CPU
		Release|Any CPU = Release|Any CPU
	EndGlobalSection
	GlobalSection(ProjectConfigurationPlatforms) = postSolution
		{361A1E63-8415-40F0-AFF8-0C4442BC7E8D}.Debug|Any CPU.ActiveCfg = Debug|Any CPU
		{361A1E63-8415-40F0-AFF8-0C4442BC7E8D}.Debug|Any CPU.Build.0 = Debug|Any CPU
		{361A1E63-8415-40F0-AFF8-0C4442BC7E8D}.Release|Any CPU.ActiveCfg = Release|Any CPU
		{361A1E63-8415-40F0-AFF8-0C4442BC7E8D}.Release|Any CPU.Build.0 = Release|Any CPU
		{FA0107F9-38A7-4247-A254-25E043329430}.Debug|Any CPU.ActiveCfg = Debug|Any CPU
		{FA0107F9-38A7-4247-A254-25E043329430}.Debug|Any CPU.Build.0 = Debug|Any CPU
		{FA0107F9-38A7-4247-A254-25E043329430}.Release|Any CPU.ActiveCfg = Release|Any CPU
		{FA0107F9-38A7-4247-A254-25E043329430}.Release|Any CPU.Build.0 = Release|Any CPU
		{B611A4E5-628B-4FA4-96E8-838850B6FC2F}.Debug|Any CPU.ActiveCfg = Debug|Any CPU
		{B611A4E5-628B-4FA4-96E8-838850B6FC2F}.Debug|Any CPU.Build.0 = Debug|Any CPU
		{B611A4E5-628B-4FA4-96E8-838850B6FC2F}.Release|Any CPU.ActiveCfg = Release|Any CPU
		{B611A4E5-628B-4FA4-96E8-838850B6FC2F}.Release|Any CPU.Build.0 = Release|Any CPU
	EndGlobalSection
EndGlobal
